
Microsoft Visual Studio Solution File, Format Version 12.00
# Visual Studio Version 17
VisualStudioVersion = 17.10.34916.146
MinimumVisualStudioVersion = 10.0.40219.1
Project("{FAE04EC0-301F-11D3-BF4B-00C04F79EFBC}") = "Mi primera App MAUI", "Mi primera App MAUI\Mi primera App MAUI.csproj", "{DBD35583-42EB-4710-845E-D74B9FBF27BF}"
EndProject
Global
	GlobalSection(SolutionConfigurationPlatforms) = preSolution
		Debug|Any CPU = Debug|Any CPU
		Release|Any CPU = Release|Any CPU
	EndGlobalSection
	GlobalSection(ProjectConfigurationPlatforms) = postSolution
		{DBD35583-42EB-4710-845E-D74B9FBF27BF}.Debug|Any CPU.ActiveCfg = Debug|Any CPU
		{DBD35583-42EB-4710-845E-D74B9FBF27BF}.Debug|Any CPU.Build.0 = Debug|Any CPU
		{DBD35583-42EB-4710-845E-D74B9FBF27BF}.Debug|Any CPU.Deploy.0 = Debug|Any CPU
		{DBD35583-42EB-4710-845E-D74B9FBF27BF}.Release|Any CPU.ActiveCfg = Release|Any CPU
		{DBD35583-42EB-4710-845E-D74B9FBF27BF}.Release|Any CPU.Build.0 = Release|Any CPU
		{DBD35583-42EB-4710-845E-D74B9FBF27BF}.Release|Any CPU.Deploy.0 = Release|Any CPU
	EndGlobalSection
	GlobalSection(SolutionProperties) = preSolution
		HideSolutionNode = FALSE
	EndGlobalSection
	GlobalSection(ExtensibilityGlobals) = postSolution
		SolutionGuid = {C6666CDB-BFBB-4A40-B467-F8F8135E7E3F}
	EndGlobalSection
EndGlobal
